
Microsoft Visual Studio Solution File, Format Version 12.00
# Visual Studio Version 16
VisualStudioVersion = 16.0.31005.135
MinimumVisualStudioVersion = 15.0.26124.0
Project("{9A19103F-16F7-4668-BE54-9A1E7A4F7556}") = "OrdersHandler.Tests.Unit", "OrdersHandler.Tests.Unit\OrdersHandler.Tests.Unit.csproj", "{D5E14955-6E7F-4D76-B60C-1BAA89F1CDD0}"
EndProject
Project("{9A19103F-16F7-4668-BE54-9A1E7A4F7556}") = "OrdersHandler.Tests.Integration", "OrdersHandler.Tests.Integration\OrdersHandler.Tests.Integration.csproj", "{D105D092-5803-45E9-8FA9-CB16F80CC146}"
EndProject
Project("{9A19103F-16F7-4668-BE54-9A1E7A4F7556}") = "OrdersHandler", "OrdersHandler\OrdersHandler.csproj", "{A55225C0-B89F-4FF5-8931-F2CFFA0C2746}"
EndProject
Project("{9A19103F-16F7-4668-BE54-9A1E7A4F7556}") = "OrdersHandler.UI", "OrdersHandler.UI\OrdersHandler.UI.csproj", "{CCC51C42-DD73-4F39-B689-12704AF21F95}"
EndProject
Project("{2150E333-8FDC-42A3-9474-1A3956D46DE8}") = "Solution Items", "Solution Items", "{0B68DEF2-CDB7-4719-90CC-88419B04E71D}"
	ProjectSection(SolutionItems) = preProject
		Directory.Build.props = Directory.Build.props
	EndProjectSection
EndProject
Global
	GlobalSection(SolutionConfigurationPlatforms) = preSolution
		Debug|Any CPU = Debug|Any CPU
		Release|Any CPU = Release|Any CPU
	EndGlobalSection
	GlobalSection(ProjectConfigurationPlatforms) = postSolution
		{D5E14955-6E7F-4D76-B60C-1BAA89F1CDD0}.Debug|Any CPU.ActiveCfg = Debug|Any CPU
		{D5E14955-6E7F-4D76-B60C-1BAA89F1CDD0}.Debug|Any CPU.Build.0 = Debug|Any CPU
		{D5E14955-6E7F-4D76-B60C-1BAA89F1CDD0}.Release|Any CPU.ActiveCfg = Release|Any CPU
		{D5E14955-6E7F-4D76-B60C-1BAA89F1CDD0}.Release|Any CPU.Build.0 = Release|Any CPU
		{D105D092-5803-45E9-8FA9-CB16F80CC146}.Debug|Any CPU.ActiveCfg = Debug|Any CPU
		{D105D092-5803-45E9-8FA9-CB16F80CC146}.Debug|Any CPU.Build.0 = Debug|Any CPU
		{D105D092-5803-45E9-8FA9-CB16F80CC146}.Release|Any CPU.ActiveCfg = Release|Any CPU
		{D105D092-5803-45E9-8FA9-CB16F80CC146}.Release|Any CPU.Build.0 = Release|Any CPU
		{A55225C0-B89F-4FF5-8931-F2CFFA0C2746}.Debug|Any CPU.ActiveCfg = Debug|Any CPU
		{A55225C0-B89F-4FF5-8931-F2CFFA0C2746}.Debug|Any CPU.Build.0 = Debug|Any CPU
		{A55225C0-B89F-4FF5-8931-F2CFFA0C2746}.Release|Any CPU.ActiveCfg = Release|Any CPU
		{A55225C0-B89F-4FF5-8931-F2CFFA0C2746}.Release|Any CPU.Build.0 = Release|Any CPU
		{CCC51C42-DD73-4F39-B689-12704AF21F95}.Debug|Any CPU.ActiveCfg = Debug|Any CPU
		{CCC51C42-DD73-4F39-B689-12704AF21F95}.Debug|Any CPU.Build.0 = Debug|Any CPU
		{CCC51C42-DD73-4F39-B689-12704AF21F95}.Release|Any CPU.ActiveCfg = Release|Any CPU
		{CCC51C42-DD73-4F39-B689-12704AF21F95}.Release|Any CPU.Build.0 = Release|Any CPU
	EndGlobalSection
	GlobalSection(SolutionProperties) = preSolution
		HideSolutionNode = FALSE
	EndGlobalSection
	GlobalSection(ExtensibilityGlobals) = postSolution
		SolutionGuid = {DA99D69C-BAB0-4B7B-8FE5-17FD33AA4F32}
	EndGlobalSection
EndGlobal
